
Microsoft Visual Studio Solution File, Format Version 12.00
# Visual Studio Version 16
VisualStudioVersion = 25.0.1705.4
MinimumVisualStudioVersion = 10.0.40219.1
Project("{FAE04EC0-301F-11D3-BF4B-00C04F79EFBC}") = "clase12", "clase12\clase12.csproj", "{D63E9B3F-6230-4A84-A621-DE29AA253247}"
EndProject
Global
	GlobalSection(SolutionConfigurationPlatforms) = preSolution
		Debug|Any CPU = Debug|Any CPU
		Release|Any CPU = Release|Any CPU
	EndGlobalSection
	GlobalSection(ProjectConfigurationPlatforms) = postSolution
		{D63E9B3F-6230-4A84-A621-DE29AA253247}.Debug|Any CPU.ActiveCfg = Debug|Any CPU
		{D63E9B3F-6230-4A84-A621-DE29AA253247}.Debug|Any CPU.Build.0 = Debug|Any CPU
		{D63E9B3F-6230-4A84-A621-DE29AA253247}.Release|Any CPU.ActiveCfg = Release|Any CPU
		{D63E9B3F-6230-4A84-A621-DE29AA253247}.Release|Any CPU.Build.0 = Release|Any CPU
	EndGlobalSection
	GlobalSection(SolutionProperties) = preSolution
		HideSolutionNode = FALSE
	EndGlobalSection
	GlobalSection(ExtensibilityGlobals) = postSolution
		SolutionGuid = {716BC91E-5781-4422-95D7-4CE0E3F34076}
	EndGlobalSection
EndGlobal
